
Microsoft Visual Studio Solution File, Format Version 12.00
# Visual Studio 15
VisualStudioVersion = 15.0.27004.2005
MinimumVisualStudioVersion = 10.0.40219.1
Project("{FAE04EC0-301F-11D3-BF4B-00C04F79EFBC}") = "Decorator", "Decorator\Decorator.csproj", "{C78F339B-3BDC-4F98-AA6C-8E3A2F5AA374}"
EndProject
Project("{FAE04EC0-301F-11D3-BF4B-00C04F79EFBC}") = "ExtensionObjects", "ExtensionObjects\ExtensionObjects.csproj", "{C07C0129-24BD-4B7C-87CF-A211C6842E3F}"
EndProject
Global
	GlobalSection(SolutionConfigurationPlatforms) = preSolution
		Debug|Any CPU = Debug|Any CPU
		Release|Any CPU = Release|Any CPU
	EndGlobalSection
	GlobalSection(ProjectConfigurationPlatforms) = postSolution
		{C78F339B-3BDC-4F98-AA6C-8E3A2F5AA374}.Debug|Any CPU.ActiveCfg = Debug|Any CPU
		{C78F339B-3BDC-4F98-AA6C-8E3A2F5AA374}.Debug|Any CPU.Build.0 = Debug|Any CPU
		{C78F339B-3BDC-4F98-AA6C-8E3A2F5AA374}.Release|Any CPU.ActiveCfg = Release|Any CPU
		{C78F339B-3BDC-4F98-AA6C-8E3A2F5AA374}.Release|Any CPU.Build.0 = Release|Any CPU
		{C07C0129-24BD-4B7C-87CF-A211C6842E3F}.Debug|Any CPU.ActiveCfg = Debug|Any CPU
		{C07C0129-24BD-4B7C-87CF-A211C6842E3F}.Debug|Any CPU.Build.0 = Debug|Any CPU
		{C07C0129-24BD-4B7C-87CF-A211C6842E3F}.Release|Any CPU.ActiveCfg = Release|Any CPU
		{C07C0129-24BD-4B7C-87CF-A211C6842E3F}.Release|Any CPU.Build.0 = Release|Any CPU
	EndGlobalSection
	GlobalSection(SolutionProperties) = preSolution
		HideSolutionNode = FALSE
	EndGlobalSection
	GlobalSection(ExtensibilityGlobals) = postSolution
		SolutionGuid = {E11955D4-6FC4-4F96-AE7B-B630F7B56F32}
	EndGlobalSection
EndGlobal
